dependencies:
- name: mychart1
  repository: https://stacksimplify.github.io/helm-charts/
  version: 0.1.0
- name: mychart2
  repository: https://stacksimplify.github.io/helm-charts/
  version: 0.4.0
- name: mysql
  repository: https://charts.bitnami.com/bitnami
  version: 9.11.0
digest: sha256:f248f685e9b7725e70965a7861bbd42bcc91ff6a414996f78c5986621ab6f5bf
generated: "2023-08-17T03:37:46.665736+05:30"
